
Microsoft Visual Studio Solution File, Format Version 12.00
# Visual Studio Version 17
VisualStudioVersion = 17.0.31903.59
MinimumVisualStudioVersion = 10.0.40219.1
Project("{2150E333-8FDC-42A3-9474-1A3956D46DE8}") = "src", "src", "{52ECE952-CAF9-4817-A8FE-FE3188014C8B}"
EndProject
Project("{FAE04EC0-301F-11D3-BF4B-00C04F79EFBC}") = "AuthenticationService.Api", "src\AuthenticationService.Api\AuthenticationService.Api.csproj", "{583A2157-A734-4172-A087-38575F97FFA3}"
EndProject
Project("{2150E333-8FDC-42A3-9474-1A3956D46DE8}") = "tests", "tests", "{9A297268-1950-43D2-9478-3ED32849880C}"
EndProject
Project("{FAE04EC0-301F-11D3-BF4B-00C04F79EFBC}") = "AuthenticationService.Api.Tests", "tests\AuthenticationService.Api.Tests\AuthenticationService.Api.Tests.csproj", "{CDFD7805-E54A-4320-A2EA-A35BE035E69F}"
EndProject
Global
	GlobalSection(SolutionConfigurationPlatforms) = preSolution
		Debug|Any CPU = Debug|Any CPU
		Release|Any CPU = Release|Any CPU
	EndGlobalSection
	GlobalSection(SolutionProperties) = preSolution
		HideSolutionNode = FALSE
	EndGlobalSection
	GlobalSection(ProjectConfigurationPlatforms) = postSolution
		{583A2157-A734-4172-A087-38575F97FFA3}.Debug|Any CPU.ActiveCfg = Debug|Any CPU
		{583A2157-A734-4172-A087-38575F97FFA3}.Debug|Any CPU.Build.0 = Debug|Any CPU
		{583A2157-A734-4172-A087-38575F97FFA3}.Release|Any CPU.ActiveCfg = Release|Any CPU
		{583A2157-A734-4172-A087-38575F97FFA3}.Release|Any CPU.Build.0 = Release|Any CPU
		{CDFD7805-E54A-4320-A2EA-A35BE035E69F}.Debug|Any CPU.ActiveCfg = Debug|Any CPU
		{CDFD7805-E54A-4320-A2EA-A35BE035E69F}.Debug|Any CPU.Build.0 = Debug|Any CPU
		{CDFD7805-E54A-4320-A2EA-A35BE035E69F}.Release|Any CPU.ActiveCfg = Release|Any CPU
		{CDFD7805-E54A-4320-A2EA-A35BE035E69F}.Release|Any CPU.Build.0 = Release|Any CPU
	EndGlobalSection
	GlobalSection(NestedProjects) = preSolution
		{583A2157-A734-4172-A087-38575F97FFA3} = {52ECE952-CAF9-4817-A8FE-FE3188014C8B}
		{CDFD7805-E54A-4320-A2EA-A35BE035E69F} = {9A297268-1950-43D2-9478-3ED32849880C}
	EndGlobalSection
EndGlobal
